
Microsoft Visual Studio Solution File, Format Version 12.00
# Visual Studio Version 17
VisualStudioVersion = 17.13.35825.156 d17.13
MinimumVisualStudioVersion = 10.0.40219.1
Project("{FAE04EC0-301F-11D3-BF4B-00C04F79EFBC}") = "ASAFunction", "ASAFunction\ASAFunction.csproj", "{F256EDB2-95DE-4FD5-9B94-E1D3AFB5ED95}"
EndProject
Global
	GlobalSection(SolutionConfigurationPlatforms) = preSolution
		Debug|Any CPU = Debug|Any CPU
		Release|Any CPU = Release|Any CPU
	EndGlobalSection
	GlobalSection(ProjectConfigurationPlatforms) = postSolution
		{F256EDB2-95DE-4FD5-9B94-E1D3AFB5ED95}.Debug|Any CPU.ActiveCfg = Debug|Any CPU
		{F256EDB2-95DE-4FD5-9B94-E1D3AFB5ED95}.Debug|Any CPU.Build.0 = Debug|Any CPU
		{F256EDB2-95DE-4FD5-9B94-E1D3AFB5ED95}.Release|Any CPU.ActiveCfg = Release|Any CPU
		{F256EDB2-95DE-4FD5-9B94-E1D3AFB5ED95}.Release|Any CPU.Build.0 = Release|Any CPU
	EndGlobalSection
	GlobalSection(SolutionProperties) = preSolution
		HideSolutionNode = FALSE
	EndGlobalSection
	GlobalSection(ExtensibilityGlobals) = postSolution
		SolutionGuid = {B24EE0F0-C83E-4D99-86A8-1A62CDA6D860}
	EndGlobalSection
EndGlobal
